
Microsoft Visual Studio Solution File, Format Version 12.00
# Visual Studio Version 17
VisualStudioVersion = 17.14.36511.14 d17.14
MinimumVisualStudioVersion = 10.0.40219.1
Project("{FAE04EC0-301F-11D3-BF4B-00C04F79EFBC}") = "Chapter12", "Chapter12.csproj", "{34F10639-4CD1-4726-8087-621284E11084}"
EndProject
Global
	GlobalSection(SolutionConfigurationPlatforms) = preSolution
		Debug|Any CPU = Debug|Any CPU
		Release|Any CPU = Release|Any CPU
	EndGlobalSection
	GlobalSection(ProjectConfigurationPlatforms) = postSolution
		{34F10639-4CD1-4726-8087-621284E11084}.Debug|Any CPU.ActiveCfg = Debug|Any CPU
		{34F10639-4CD1-4726-8087-621284E11084}.Debug|Any CPU.Build.0 = Debug|Any CPU
		{34F10639-4CD1-4726-8087-621284E11084}.Release|Any CPU.ActiveCfg = Release|Any CPU
		{34F10639-4CD1-4726-8087-621284E11084}.Release|Any CPU.Build.0 = Release|Any CPU
	EndGlobalSection
	GlobalSection(SolutionProperties) = preSolution
		HideSolutionNode = FALSE
	EndGlobalSection
	GlobalSection(ExtensibilityGlobals) = postSolution
		SolutionGuid = {FE08D4E3-EF3F-483B-9061-CDC5E0CDA570}
	EndGlobalSection
EndGlobal
